# This file is automatically @generated by Cargo.
# It is not intended for manual editing.
version = 3

[[package]]
name = "cmd"
version = "0.1.0"
dependencies = [
 "inject_metering",
]

[[package]]
name = "inject_metering"
version = "0.1.0"
dependencies = [
 "parity-wasm",
 "wasm-instrument",
]

[[package]]
name = "parity-wasm"
version = "0.45.0"
source = "registry+https://github.com/rust-lang/crates.io-index"
checksum = "e1ad0aff30c1da14b1254fcb2af73e1fa9a28670e584a626f53a369d0e157304"

[[package]]
name = "wasm-instrument"
version = "0.3.0"
source = "registry+https://github.com/rust-lang/crates.io-index"
checksum = "aa1dafb3e60065305741e83db35c6c2584bb3725b692b5b66148a38d72ace6cd"
dependencies = [
 "parity-wasm",
]
